// !$*UTF8*$!
{
	archiveVersion = 1;
	classes = {
	};
	objectVersion = 56;
	objects = {

/* Begin PBXBuildFile section */
		889F31672C0AE02F007A44DE /* EventerApp.swift in Sources */ = {isa = PBXBuildFile; fileRef = 889F31662C0AE02F007A44DE /* EventerApp.swift */; };
		889F31692C0AE02F007A44DE /* ContentView.swift in Sources */ = {isa = PBXBuildFile; fileRef = 889F31682C0AE02F007A44DE /* ContentView.swift */; };
		889F316B2C0AE02F007A44DE /* DayItem.swift in Sources */ = {isa = PBXBuildFile; fileRef = 889F316A2C0AE02F007A44DE /* DayItem.swift */; };
		889F316D2C0AE031007A44DE /* Assets.xcassets in Resources */ = {isa = PBXBuildFile; fileRef = 889F316C2C0AE031007A44DE /* Assets.xcassets */; };
		889F31712C0AE031007A44DE /* Preview Assets.xcassets in Resources */ = {isa = PBXBuildFile; fileRef = 889F31702C0AE031007A44DE /* Preview Assets.xcassets */; };
		889F31782C0AE25B007A44DE /* ColorData.swift in Sources */ = {isa = PBXBuildFile; fileRef = 889F31772C0AE25B007A44DE /* ColorData.swift */; };
		889F317B2C0AE293007A44DE /* Color+ColorData.swift in Sources */ = {isa = PBXBuildFile; fileRef = 889F317A2C0AE293007A44DE /* Color+ColorData.swift */; };
		889F317E2C0AE32A007A44DE /* DayItem+Samples.swift in Sources */ = {isa = PBXBuildFile; fileRef = 889F317D2C0AE32A007A44DE /* DayItem+Samples.swift */; };
		889F31812C0AE350007A44DE /* SwiftDate in Frameworks */ = {isa = PBXBuildFile; productRef = 889F31802C0AE350007A44DE /* SwiftDate */; };
/* End PBXBuildFile section */

/* Begin PBXFileReference section */
		889F31632C0AE02F007A44DE /* Eventer.app */ = {isa = PBXFileReference; explicitFileType = wrapper.application; includeInIndex = 0; path = Eventer.app; sourceTree = BUILT_PRODUCTS_DIR; };
		889F31662C0AE02F007A44DE /* EventerApp.swift */ = {isa = PBXFileReference; lastKnownFileType = sourcecode.swift; path = EventerApp.swift; sourceTree = "<group>"; };
		889F31682C0AE02F007A44DE /* ContentView.swift */ = {isa = PBXFileReference; lastKnownFileType = sourcecode.swift; path = ContentView.swift; sourceTree = "<group>"; };
		889F316A2C0AE02F007A44DE /* DayItem.swift */ = {isa = PBXFileReference; lastKnownFileType = sourcecode.swift; path = DayItem.swift; sourceTree = "<group>"; };
		889F316C2C0AE031007A44DE /* Assets.xcassets */ = {isa = PBXFileReference; lastKnownFileType = folder.assetcatalog; path = Assets.xcassets; sourceTree = "<group>"; };
		889F316E2C0AE031007A44DE /* Eventer.entitlements */ = {isa = PBXFileReference; lastKnownFileType = text.plist.entitlements; path = Eventer.entitlements; sourceTree = "<group>"; };
		889F31702C0AE031007A44DE /* Preview Assets.xcassets */ = {isa = PBXFileReference; lastKnownFileType = folder.assetcatalog; path = "Preview Assets.xcassets"; sourceTree = "<group>"; };
		889F31772C0AE25B007A44DE /* ColorData.swift */ = {isa = PBXFileReference; lastKnownFileType = sourcecode.swift; path = ColorData.swift; sourceTree = "<group>"; };
		889F317A2C0AE293007A44DE /* Color+ColorData.swift */ = {isa = PBXFileReference; lastKnownFileType = sourcecode.swift; path = "Color+ColorData.swift"; sourceTree = "<group>"; };
		889F317D2C0AE32A007A44DE /* DayItem+Samples.swift */ = {isa = PBXFileReference; lastKnownFileType = sourcecode.swift; path = "DayItem+Samples.swift"; sourceTree = "<group>"; };
/* End PBXFileReference section */

/* Begin PBXFrameworksBuildPhase section */
		889F31602C0AE02F007A44DE /* Frameworks */ = {
			isa = PBXFrameworksBuildPhase;
			buildActionMask = 2147483647;
			files = (
				889F31812C0AE350007A44DE /* SwiftDate in Frameworks */,
			);
			runOnlyForDeploymentPostprocessing = 0;
		};
/* End PBXFrameworksBuildPhase section */

/* Begin PBXGroup section */
		889F315A2C0AE02F007A44DE = {
			isa = PBXGroup;
			children = (
				889F31652C0AE02F007A44DE /* Eventer */,
				889F31642C0AE02F007A44DE /* Products */,
			);
			sourceTree = "<group>";
		};
		889F31642C0AE02F007A44DE /* Products */ = {
			isa = PBXGroup;
			children = (
				889F31632C0AE02F007A44DE /* Eventer.app */,
			);
			name = Products;
			sourceTree = "<group>";
		};
		889F31652C0AE02F007A44DE /* Eventer */ = {
			isa = PBXGroup;
			children = (
				889F31662C0AE02F007A44DE /* EventerApp.swift */,
				889F31682C0AE02F007A44DE /* ContentView.swift */,
				889F317C2C0AE31C007A44DE /* Data */,
				889F31792C0AE287007A44DE /* Color */,
				889F316C2C0AE031007A44DE /* Assets.xcassets */,
				889F316E2C0AE031007A44DE /* Eventer.entitlements */,
				889F316F2C0AE031007A44DE /* Preview Content */,
			);
			path = Eventer;
			sourceTree = "<group>";
		};
		889F316F2C0AE031007A44DE /* Preview Content */ = {
			isa = PBXGroup;
			children = (
				889F31702C0AE031007A44DE /* Preview Assets.xcassets */,
			);
			path = "Preview Content";
			sourceTree = "<group>";
		};
		889F31792C0AE287007A44DE /* Color */ = {
			isa = PBXGroup;
			children = (
				889F31772C0AE25B007A44DE /* ColorData.swift */,
				889F317A2C0AE293007A44DE /* Color+ColorData.swift */,
			);
			path = Color;
			sourceTree = "<group>";
		};
		889F317C2C0AE31C007A44DE /* Data */ = {
			isa = PBXGroup;
			children = (
				889F316A2C0AE02F007A44DE /* DayItem.swift */,
				889F317D2C0AE32A007A44DE /* DayItem+Samples.swift */,
			);
			path = Data;
			sourceTree = "<group>";
		};
/* End PBXGroup section */

/* Begin PBXNativeTarget section */
		889F31622C0AE02F007A44DE /* Eventer */ = {
			isa = PBXNativeTarget;
			buildConfigurationList = 889F31742C0AE031007A44DE /* Build configuration list for PBXNativeTarget "Eventer" */;
			buildPhases = (
				889F315F2C0AE02F007A44DE /* Sources */,
				889F31602C0AE02F007A44DE /* Frameworks */,
				889F31612C0AE02F007A44DE /* Resources */,
			);
			buildRules = (
			);
			dependencies = (
			);
			name = Eventer;
			packageProductDependencies = (
				889F31802C0AE350007A44DE /* SwiftDate */,
			);
			productName = Eventer;
			productReference = 889F31632C0AE02F007A44DE /* Eventer.app */;
			productType = "com.apple.product-type.application";
		};
/* End PBXNativeTarget section */

/* Begin PBXProject section */
		889F315B2C0AE02F007A44DE /* Project object */ = {
			isa = PBXProject;
			attributes = {
				BuildIndependentTargetsInParallel = 1;
				LastSwiftUpdateCheck = 1540;
				LastUpgradeCheck = 1540;
				TargetAttributes = {
					889F31622C0AE02F007A44DE = {
						CreatedOnToolsVersion = 15.4;
					};
				};
			};
			buildConfigurationList = 889F315E2C0AE02F007A44DE /* Build configuration list for PBXProject "Eventer" */;
			compatibilityVersion = "Xcode 14.0";
			developmentRegion = en;
			hasScannedForEncodings = 0;
			knownRegions = (
				en,
				Base,
			);
			mainGroup = 889F315A2C0AE02F007A44DE;
			packageReferences = (
				889F317F2C0AE350007A44DE /* XCRemoteSwiftPackageReference "SwiftDate" */,
			);
			productRefGroup = 889F31642C0AE02F007A44DE /* Products */;
			projectDirPath = "";
			projectRoot = "";
			targets = (
				889F31622C0AE02F007A44DE /* Eventer */,
			);
		};
/* End PBXProject section */

/* Begin PBXResourcesBuildPhase section */
		889F31612C0AE02F007A44DE /* Resources */ = {
			isa = PBXResourcesBuildPhase;
			buildActionMask = 2147483647;
			files = (
				889F31712C0AE031007A44DE /* Preview Assets.xcassets in Resources */,
				889F316D2C0AE031007A44DE /* Assets.xcassets in Resources */,
			);
			runOnlyForDeploymentPostprocessing = 0;
		};
/* End PBXResourcesBuildPhase section */

/* Begin PBXSourcesBuildPhase section */
		889F315F2C0AE02F007A44DE /* Sources */ = {
			isa = PBXSourcesBuildPhase;
			buildActionMask = 2147483647;
			files = (
				889F31692C0AE02F007A44DE /* ContentView.swift in Sources */,
				889F317E2C0AE32A007A44DE /* DayItem+Samples.swift in Sources */,
				889F316B2C0AE02F007A44DE /* DayItem.swift in Sources */,
				889F317B2C0AE293007A44DE /* Color+ColorData.swift in Sources */,
				889F31672C0AE02F007A44DE /* EventerApp.swift in Sources */,
				889F31782C0AE25B007A44DE /* ColorData.swift in Sources */,
			);
			runOnlyForDeploymentPostprocessing = 0;
		};
/* End PBXSourcesBuildPhase section */

/* Begin XCBuildConfiguration section */
		889F31722C0AE031007A44DE /* Debug */ = {
			isa = XCBuildConfiguration;
			buildSettings = {
				ALWAYS_SEARCH_USER_PATHS = NO;
				ASSETCATALOG_COMPILER_GENERATE_SWIFT_ASSET_SYMBOL_EXTENSIONS = YES;
				CLANG_ANALYZER_NONNULL = YES;
				CLANG_ANALYZER_NUMBER_OBJECT_CONVERSION = YES_AGGRESSIVE;
				CLANG_CXX_LANGUAGE_STANDARD = "gnu++20";
				CLANG_ENABLE_MODULES = YES;
				CLANG_ENABLE_OBJC_ARC = YES;
				CLANG_ENABLE_OBJC_WEAK = YES;
				CLANG_WARN_BLOCK_CAPTURE_AUTORELEASING = YES;
				CLANG_WARN_BOOL_CONVERSION = YES;
				CLANG_WARN_COMMA = YES;
				CLANG_WARN_CONSTANT_CONVERSION = YES;
				CLANG_WARN_DEPRECATED_OBJC_IMPLEMENTATIONS = YES;
				CLANG_WARN_DIRECT_OBJC_ISA_USAGE = YES_ERROR;
				CLANG_WARN_DOCUMENTATION_COMMENTS = YES;
				CLANG_WARN_EMPTY_BODY = YES;
				CLANG_WARN_ENUM_CONVERSION = YES;
				CLANG_WARN_INFINITE_RECURSION = YES;
				CLANG_WARN_INT_CONVERSION = YES;
				CLANG_WARN_NON_LITERAL_NULL_CONVERSION = YES;
				CLANG_WARN_OBJC_IMPLICIT_RETAIN_SELF = YES;
				CLANG_WARN_OBJC_LITERAL_CONVERSION = YES;
				CLANG_WARN_OBJC_ROOT_CLASS = YES_ERROR;
				CLANG_WARN_QUOTED_INCLUDE_IN_FRAMEWORK_HEADER = YES;
				CLANG_WARN_RANGE_LOOP_ANALYSIS = YES;
				CLANG_WARN_STRICT_PROTOTYPES = YES;
				CLANG_WARN_SUSPICIOUS_MOVE = YES;
				CLANG_WARN_UNGUARDED_AVAILABILITY = YES_AGGRESSIVE;
				CLANG_WARN_UNREACHABLE_CODE = YES;
				CLANG_WARN__DUPLICATE_METHOD_MATCH = YES;
				COPY_PHASE_STRIP = NO;
				DEBUG_INFORMATION_FORMAT = dwarf;
				ENABLE_STRICT_OBJC_MSGSEND = YES;
				ENABLE_TESTABILITY = YES;
				ENABLE_USER_SCRIPT_SANDBOXING = YES;
				GCC_C_LANGUAGE_STANDARD = gnu17;
				GCC_DYNAMIC_NO_PIC = NO;
				GCC_NO_COMMON_BLOCKS = YES;
				GCC_OPTIMIZATION_LEVEL = 0;
				GCC_PREPROCESSOR_DEFINITIONS = (
					"DEBUG=1",
					"$(inherited)",
				);
				GCC_WARN_64_TO_32_BIT_CONVERSION = YES;
				GCC_WARN_ABOUT_RETURN_TYPE = YES_ERROR;
				GCC_WARN_UNDECLARED_SELECTOR = YES;
				GCC_WARN_UNINITIALIZED_AUTOS = YES_AGGRESSIVE;
				GCC_WARN_UNUSED_FUNCTION = YES;
				GCC_WARN_UNUSED_VARIABLE = YES;
				LOCALIZATION_PREFERS_STRING_CATALOGS = YES;
				MTL_ENABLE_DEBUG_INFO = INCLUDE_SOURCE;
				MTL_FAST_MATH = YES;
				ONLY_ACTIVE_ARCH = YES;
				SWIFT_ACTIVE_COMPILATION_CONDITIONS = "DEBUG $(inherited)";
				SWIFT_OPTIMIZATION_LEVEL = "-Onone";
			};
			name = Debug;
		};
		889F31732C0AE031007A44DE /* Release */ = {
			isa = XCBuildConfiguration;
			buildSettings = {
				ALWAYS_SEARCH_USER_PATHS = NO;
				ASSETCATALOG_COMPILER_GENERATE_SWIFT_ASSET_SYMBOL_EXTENSIONS = YES;
				CLANG_ANALYZER_NONNULL = YES;
				CLANG_ANALYZER_NUMBER_OBJECT_CONVERSION = YES_AGGRESSIVE;
				CLANG_CXX_LANGUAGE_STANDARD = "gnu++20";
				CLANG_ENABLE_MODULES = YES;
				CLANG_ENABLE_OBJC_ARC = YES;
				CLANG_ENABLE_OBJC_WEAK = YES;
				CLANG_WARN_BLOCK_CAPTURE_AUTORELEASING = YES;
				CLANG_WARN_BOOL_CONVERSION = YES;
				CLANG_WARN_COMMA = YES;
				CLANG_WARN_CONSTANT_CONVERSION = YES;
				CLANG_WARN_DEPRECATED_OBJC_IMPLEMENTATIONS = YES;
				CLANG_WARN_DIRECT_OBJC_ISA_USAGE = YES_ERROR;
				CLANG_WARN_DOCUMENTATION_COMMENTS = YES;
				CLANG_WARN_EMPTY_BODY = YES;
				CLANG_WARN_ENUM_CONVERSION = YES;
				CLANG_WARN_INFINITE_RECURSION = YES;
				CLANG_WARN_INT_CONVERSION = YES;
				CLANG_WARN_NON_LITERAL_NULL_CONVERSION = YES;
				CLANG_WARN_OBJC_IMPLICIT_RETAIN_SELF = YES;
				CLANG_WARN_OBJC_LITERAL_CONVERSION = YES;
				CLANG_WARN_OBJC_ROOT_CLASS = YES_ERROR;
				CLANG_WARN_QUOTED_INCLUDE_IN_FRAMEWORK_HEADER = YES;
				CLANG_WARN_RANGE_LOOP_ANALYSIS = YES;
				CLANG_WARN_STRICT_PROTOTYPES = YES;
				CLANG_WARN_SUSPICIOUS_MOVE = YES;
				CLANG_WARN_UNGUARDED_AVAILABILITY = YES_AGGRESSIVE;
				CLANG_WARN_UNREACHABLE_CODE = YES;
				CLANG_WARN__DUPLICATE_METHOD_MATCH = YES;
				COPY_PHASE_STRIP = NO;
				DEBUG_INFORMATION_FORMAT = "dwarf-with-dsym";
				ENABLE_NS_ASSERTIONS = NO;
				ENABLE_STRICT_OBJC_MSGSEND = YES;
				ENABLE_USER_SCRIPT_SANDBOXING = YES;
				GCC_C_LANGUAGE_STANDARD = gnu17;
				GCC_NO_COMMON_BLOCKS = YES;
				GCC_WARN_64_TO_32_BIT_CONVERSION = YES;
				GCC_WARN_ABOUT_RETURN_TYPE = YES_ERROR;
				GCC_WARN_UNDECLARED_SELECTOR = YES;
				GCC_WARN_UNINITIALIZED_AUTOS = YES_AGGRESSIVE;
				GCC_WARN_UNUSED_FUNCTION = YES;
				GCC_WARN_UNUSED_VARIABLE = YES;
				LOCALIZATION_PREFERS_STRING_CATALOGS = YES;
				MTL_ENABLE_DEBUG_INFO = NO;
				MTL_FAST_MATH = YES;
				SWIFT_COMPILATION_MODE = wholemodule;
			};
			name = Release;
		};
		889F31752C0AE031007A44DE /* Debug */ = {
			isa = XCBuildConfiguration;
			buildSettings = {
				ASSETCATALOG_COMPILER_APPICON_NAME = AppIcon;
				ASSETCATALOG_COMPILER_GLOBAL_ACCENT_COLOR_NAME = AccentColor;
				CODE_SIGN_ENTITLEMENTS = Eventer/Eventer.entitlements;
				CODE_SIGN_STYLE = Automatic;
				CURRENT_PROJECT_VERSION = 1;
				DEVELOPMENT_ASSET_PATHS = "\"Eventer/Preview Content\"";
				DEVELOPMENT_TEAM = 9KPHTM749M;
				ENABLE_HARDENED_RUNTIME = YES;
				ENABLE_PREVIEWS = YES;
				GENERATE_INFOPLIST_FILE = YES;
				"INFOPLIST_KEY_UIApplicationSceneManifest_Generation[sdk=iphoneos*]" = YES;
				"INFOPLIST_KEY_UIApplicationSceneManifest_Generation[sdk=iphonesimulator*]" = YES;
				"INFOPLIST_KEY_UIApplicationSupportsIndirectInputEvents[sdk=iphoneos*]" = YES;
				"INFOPLIST_KEY_UIApplicationSupportsIndirectInputEvents[sdk=iphonesimulator*]" = YES;
				"INFOPLIST_KEY_UILaunchScreen_Generation[sdk=iphoneos*]" = YES;
				"INFOPLIST_KEY_UILaunchScreen_Generation[sdk=iphonesimulator*]" = YES;
				"INFOPLIST_KEY_UIStatusBarStyle[sdk=iphoneos*]" = UIStatusBarStyleDefault;
				"INFOPLIST_KEY_UIStatusBarStyle[sdk=iphonesimulator*]" = UIStatusBarStyleDefault;
				INFOPLIST_KEY_UISupportedInterfaceOrientations_iPad = "UIInterfaceOrientationPortrait UIInterfaceOrientationPortraitUpsideDown UIInterfaceOrientationLandscapeLeft UIInterfaceOrientationLandscapeRight";
				INFOPLIST_KEY_UISupportedInterfaceOrientations_iPhone = "UIInterfaceOrientationPortrait UIInterfaceOrientationLandscapeLeft UIInterfaceOrientationLandscapeRight";
				IPHONEOS_DEPLOYMENT_TARGET = 17.5;
				LD_RUNPATH_SEARCH_PATHS = "@executable_path/Frameworks";
				"LD_RUNPATH_SEARCH_PATHS[sdk=macosx*]" = "@executable_path/../Frameworks";
				MACOSX_DEPLOYMENT_TARGET = 14.0;
				MARKETING_VERSION = 1.0;
				PRODUCT_BUNDLE_IDENTIFIER = com.windowcow.Eventer;
				PRODUCT_NAME = "$(TARGET_NAME)";
				SDKROOT = auto;
				SUPPORTED_PLATFORMS = "iphoneos iphonesimulator macosx";
				SWIFT_EMIT_LOC_STRINGS = YES;
				SWIFT_VERSION = 5.0;
				TARGETED_DEVICE_FAMILY = "1,2";
			};
			name = Debug;
		};
		889F31762C0AE031007A44DE /* Release */ = {
			isa = XCBuildConfiguration;
			buildSettings = {
				ASSETCATALOG_COMPILER_APPICON_NAME = AppIcon;
				ASSETCATALOG_COMPILER_GLOBAL_ACCENT_COLOR_NAME = AccentColor;
				CODE_SIGN_ENTITLEMENTS = Eventer/Eventer.entitlements;
				CODE_SIGN_STYLE = Automatic;
				CURRENT_PROJECT_VERSION = 1;
				DEVELOPMENT_ASSET_PATHS = "\"Eventer/Preview Content\"";
				DEVELOPMENT_TEAM = 9KPHTM749M;
				ENABLE_HARDENED_RUNTIME = YES;
				ENABLE_PREVIEWS = YES;
				GENERATE_INFOPLIST_FILE = YES;
				"INFOPLIST_KEY_UIApplicationSceneManifest_Generation[sdk=iphoneos*]" = YES;
				"INFOPLIST_KEY_UIApplicationSceneManifest_Generation[sdk=iphonesimulator*]" = YES;
				"INFOPLIST_KEY_UIApplicationSupportsIndirectInputEvents[sdk=iphoneos*]" = YES;
				"INFOPLIST_KEY_UIApplicationSupportsIndirectInputEvents[sdk=iphonesimulator*]" = YES;
				"INFOPLIST_KEY_UILaunchScreen_Generation[sdk=iphoneos*]" = YES;
				"INFOPLIST_KEY_UILaunchScreen_Generation[sdk=iphonesimulator*]" = YES;
				"INFOPLIST_KEY_UIStatusBarStyle[sdk=iphoneos*]" = UIStatusBarStyleDefault;
				"INFOPLIST_KEY_UIStatusBarStyle[sdk=iphonesimulator*]" = UIStatusBarStyleDefault;
				INFOPLIST_KEY_UISupportedInterfaceOrientations_iPad = "UIInterfaceOrientationPortrait UIInterfaceOrientationPortraitUpsideDown UIInterfaceOrientationLandscapeLeft UIInterfaceOrientationLandscapeRight";
				INFOPLIST_KEY_UISupportedInterfaceOrientations_iPhone = "UIInterfaceOrientationPortrait UIInterfaceOrientationLandscapeLeft UIInterfaceOrientationLandscapeRight";
				IPHONEOS_DEPLOYMENT_TARGET = 17.5;
				LD_RUNPATH_SEARCH_PATHS = "@executable_path/Frameworks";
				"LD_RUNPATH_SEARCH_PATHS[sdk=macosx*]" = "@executable_path/../Frameworks";
				MACOSX_DEPLOYMENT_TARGET = 14.0;
				MARKETING_VERSION = 1.0;
				PRODUCT_BUNDLE_IDENTIFIER = com.windowcow.Eventer;
				PRODUCT_NAME = "$(TARGET_NAME)";
				SDKROOT = auto;
				SUPPORTED_PLATFORMS = "iphoneos iphonesimulator macosx";
				SWIFT_EMIT_LOC_STRINGS = YES;
				SWIFT_VERSION = 5.0;
				TARGETED_DEVICE_FAMILY = "1,2";
			};
			name = Release;
		};
/* End XCBuildConfiguration section */

/* Begin XCConfigurationList section */
		889F315E2C0AE02F007A44DE /* Build configuration list for PBXProject "Eventer" */ = {
			isa = XCConfigurationList;
			buildConfigurations = (
				889F31722C0AE031007A44DE /* Debug */,
				889F31732C0AE031007A44DE /* Release */,
			);
			defaultConfigurationIsVisible = 0;
			defaultConfigurationName = Release;
		};
		889F31742C0AE031007A44DE /* Build configuration list for PBXNativeTarget "Eventer" */ = {
			isa = XCConfigurationList;
			buildConfigurations = (
				889F31752C0AE031007A44DE /* Debug */,
				889F31762C0AE031007A44DE /* Release */,
			);
			defaultConfigurationIsVisible = 0;
			defaultConfigurationName = Release;
		};
/* End XCConfigurationList section */

/* Begin XCRemoteSwiftPackageReference section */
		889F317F2C0AE350007A44DE /* XCRemoteSwiftPackageReference "SwiftDate" */ = {
			isa = XCRemoteSwiftPackageReference;
			repositoryURL = "https://github.com/malcommac/SwiftDate";
			requirement = {
				kind = upToNextMajorVersion;
				minimumVersion = 7.0.0;
			};
		};
/* End XCRemoteSwiftPackageReference section */

/* Begin XCSwiftPackageProductDependency section */
		889F31802C0AE350007A44DE /* SwiftDate */ = {
			isa = XCSwiftPackageProductDependency;
			package = 889F317F2C0AE350007A44DE /* XCRemoteSwiftPackageReference "SwiftDate" */;
			productName = SwiftDate;
		};
/* End XCSwiftPackageProductDependency section */
	};
	rootObject = 889F315B2C0AE02F007A44DE /* Project object */;
}
